
Microsoft Visual Studio Solution File, Format Version 12.00
# Visual Studio Version 16
VisualStudioVersion = 16.0.29806.167
MinimumVisualStudioVersion = 10.0.40219.1
Project("{FAE04EC0-301F-11D3-BF4B-00C04F79EFBC}") = "projectCS", "projectCS.csproj", "{829DAEB4-9BB5-4653-A8D7-370768AA11B6}"
EndProject
Project("{FAE04EC0-301F-11D3-BF4B-00C04F79EFBC}") = "UnitTest", "..\UnitTest\UnitTest.csproj", "{D14265C0-F342-4054-B4B1-778E85470715}"
EndProject
Project("{FAE04EC0-301F-11D3-BF4B-00C04F79EFBC}") = "kitbox_user_interface_V1", "..\kitbox_user_interface\kitbox_user_interface_V1.csproj", "{DD5C1BE3-8258-4F8D-AC63-59D3603566D4}"
	ProjectSection(ProjectDependencies) = postProject
		{D14265C0-F342-4054-B4B1-778E85470715} = {D14265C0-F342-4054-B4B1-778E85470715}
	EndProjectSection
EndProject
Project("{FAE04EC0-301F-11D3-BF4B-00C04F79EFBC}") = "ShopInterface", "..\ShopInterface\ShopInterface.csproj", "{DD660FD7-F911-41D4-961D-CC2A543F9CF2}"
EndProject
Project("{FAE04EC0-301F-11D3-BF4B-00C04F79EFBC}") = "ShopInterfaceBeta", "..\ShopInterfaceBeta\ShopInterfaceBeta.csproj", "{75B82211-80A0-4D83-8945-EF1F35DF8BBD}"
EndProject
Global
	GlobalSection(SolutionConfigurationPlatforms) = preSolution
		Debug|Any CPU = Debug|Any CPU
		Debug|ARM = Debug|ARM
		Debug|ARM64 = Debug|ARM64
		Debug|x64 = Debug|x64
		Debug|x86 = Debug|x86
		Release|Any CPU = Release|Any CPU
		Release|ARM = Release|ARM
		Release|ARM64 = Release|ARM64
		Release|x64 = Release|x64
		Release|x86 = Release|x86
	EndGlobalSection
	GlobalSection(ProjectConfigurationPlatforms) = postSolution
		{829DAEB4-9BB5-4653-A8D7-370768AA11B6}.Debug|Any CPU.ActiveCfg = Debug|Any CPU
		{829DAEB4-9BB5-4653-A8D7-370768AA11B6}.Debug|Any CPU.Build.0 = Debug|Any CPU
		{829DAEB4-9BB5-4653-A8D7-370768AA11B6}.Debug|ARM.ActiveCfg = Debug|Any CPU
		{829DAEB4-9BB5-4653-A8D7-370768AA11B6}.Debug|ARM.Build.0 = Debug|Any CPU
		{829DAEB4-9BB5-4653-A8D7-370768AA11B6}.Debug|ARM64.ActiveCfg = Debug|Any CPU
		{829DAEB4-9BB5-4653-A8D7-370768AA11B6}.Debug|ARM64.Build.0 = Debug|Any CPU
		{829DAEB4-9BB5-4653-A8D7-370768AA11B6}.Debug|x64.ActiveCfg = Debug|Any CPU
		{829DAEB4-9BB5-4653-A8D7-370768AA11B6}.Debug|x64.Build.0 = Debug|Any CPU
		{829DAEB4-9BB5-4653-A8D7-370768AA11B6}.Debug|x86.ActiveCfg = Debug|Any CPU
		{829DAEB4-9BB5-4653-A8D7-370768AA11B6}.Debug|x86.Build.0 = Debug|Any CPU
		{829DAEB4-9BB5-4653-A8D7-370768AA11B6}.Release|Any CPU.ActiveCfg = Release|Any CPU
		{829DAEB4-9BB5-4653-A8D7-370768AA11B6}.Release|Any CPU.Build.0 = Release|Any CPU
		{829DAEB4-9BB5-4653-A8D7-370768AA11B6}.Release|ARM.ActiveCfg = Release|Any CPU
		{829DAEB4-9BB5-4653-A8D7-370768AA11B6}.Release|ARM.Build.0 = Release|Any CPU
		{829DAEB4-9BB5-4653-A8D7-370768AA11B6}.Release|ARM64.ActiveCfg = Release|Any CPU
		{829DAEB4-9BB5-4653-A8D7-370768AA11B6}.Release|ARM64.Build.0 = Release|Any CPU
		{829DAEB4-9BB5-4653-A8D7-370768AA11B6}.Release|x64.ActiveCfg = Release|Any CPU
		{829DAEB4-9BB5-4653-A8D7-370768AA11B6}.Release|x64.Build.0 = Release|Any CPU
		{829DAEB4-9BB5-4653-A8D7-370768AA11B6}.Release|x86.ActiveCfg = Release|Any CPU
		{829DAEB4-9BB5-4653-A8D7-370768AA11B6}.Release|x86.Build.0 = Release|Any CPU
		{D14265C0-F342-4054-B4B1-778E85470715}.Debug|Any CPU.ActiveCfg = Debug|Any CPU
		{D14265C0-F342-4054-B4B1-778E85470715}.Debug|Any CPU.Build.0 = Debug|Any CPU
		{D14265C0-F342-4054-B4B1-778E85470715}.Debug|ARM.ActiveCfg = Debug|Any CPU
		{D14265C0-F342-4054-B4B1-778E85470715}.Debug|ARM.Build.0 = Debug|Any CPU
		{D14265C0-F342-4054-B4B1-778E85470715}.Debug|ARM64.ActiveCfg = Debug|Any CPU
		{D14265C0-F342-4054-B4B1-778E85470715}.Debug|ARM64.Build.0 = Debug|Any CPU
		{D14265C0-F342-4054-B4B1-778E85470715}.Debug|x64.ActiveCfg = Debug|Any CPU
		{D14265C0-F342-4054-B4B1-778E85470715}.Debug|x64.Build.0 = Debug|Any CPU
		{D14265C0-F342-4054-B4B1-778E85470715}.Debug|x86.ActiveCfg = Debug|Any CPU
		{D14265C0-F342-4054-B4B1-778E85470715}.Debug|x86.Build.0 = Debug|Any CPU
		{D14265C0-F342-4054-B4B1-778E85470715}.Release|Any CPU.ActiveCfg = Release|Any CPU
		{D14265C0-F342-4054-B4B1-778E85470715}.Release|Any CPU.Build.0 = Release|Any CPU
		{D14265C0-F342-4054-B4B1-778E85470715}.Release|ARM.ActiveCfg = Release|Any CPU
		{D14265C0-F342-4054-B4B1-778E85470715}.Release|ARM.Build.0 = Release|Any CPU
		{D14265C0-F342-4054-B4B1-778E85470715}.Release|ARM64.ActiveCfg = Release|Any CPU
		{D14265C0-F342-4054-B4B1-778E85470715}.Release|ARM64.Build.0 = Release|Any CPU
		{D14265C0-F342-4054-B4B1-778E85470715}.Release|x64.ActiveCfg = Release|Any CPU
		{D14265C0-F342-4054-B4B1-778E85470715}.Release|x64.Build.0 = Release|Any CPU
		{D14265C0-F342-4054-B4B1-778E85470715}.Release|x86.ActiveCfg = Release|Any CPU
		{D14265C0-F342-4054-B4B1-778E85470715}.Release|x86.Build.0 = Release|Any CPU
		{DD5C1BE3-8258-4F8D-AC63-59D3603566D4}.Debug|Any CPU.ActiveCfg = Debug|Any CPU
		{DD5C1BE3-8258-4F8D-AC63-59D3603566D4}.Debug|Any CPU.Build.0 = Debug|Any CPU
		{DD5C1BE3-8258-4F8D-AC63-59D3603566D4}.Debug|ARM.ActiveCfg = Debug|Any CPU
		{DD5C1BE3-8258-4F8D-AC63-59D3603566D4}.Debug|ARM.Build.0 = Debug|Any CPU
		{DD5C1BE3-8258-4F8D-AC63-59D3603566D4}.Debug|ARM64.ActiveCfg = Debug|Any CPU
		{DD5C1BE3-8258-4F8D-AC63-59D3603566D4}.Debug|ARM64.Build.0 = Debug|Any CPU
		{DD5C1BE3-8258-4F8D-AC63-59D3603566D4}.Debug|x64.ActiveCfg = Debug|Any CPU
		{DD5C1BE3-8258-4F8D-AC63-59D3603566D4}.Debug|x64.Build.0 = Debug|Any CPU
		{DD5C1BE3-8258-4F8D-AC63-59D3603566D4}.Debug|x86.ActiveCfg = Debug|Any CPU
		{DD5C1BE3-8258-4F8D-AC63-59D3603566D4}.Debug|x86.Build.0 = Debug|Any CPU
		{DD5C1BE3-8258-4F8D-AC63-59D3603566D4}.Release|Any CPU.ActiveCfg = Release|Any CPU
		{DD5C1BE3-8258-4F8D-AC63-59D3603566D4}.Release|Any CPU.Build.0 = Release|Any CPU
		{DD5C1BE3-8258-4F8D-AC63-59D3603566D4}.Release|ARM.ActiveCfg = Release|Any CPU
		{DD5C1BE3-8258-4F8D-AC63-59D3603566D4}.Release|ARM.Build.0 = Release|Any CPU
		{DD5C1BE3-8258-4F8D-AC63-59D3603566D4}.Release|ARM64.ActiveCfg = Release|Any CPU
		{DD5C1BE3-8258-4F8D-AC63-59D3603566D4}.Release|ARM64.Build.0 = Release|Any CPU
		{DD5C1BE3-8258-4F8D-AC63-59D3603566D4}.Release|x64.ActiveCfg = Release|Any CPU
		{DD5C1BE3-8258-4F8D-AC63-59D3603566D4}.Release|x64.Build.0 = Release|Any CPU
		{DD5C1BE3-8258-4F8D-AC63-59D3603566D4}.Release|x86.ActiveCfg = Release|Any CPU
		{DD5C1BE3-8258-4F8D-AC63-59D3603566D4}.Release|x86.Build.0 = Release|Any CPU
		{DD660FD7-F911-41D4-961D-CC2A543F9CF2}.Debug|Any CPU.ActiveCfg = Debug|Any CPU
		{DD660FD7-F911-41D4-961D-CC2A543F9CF2}.Debug|ARM.ActiveCfg = Debug|Any CPU
		{DD660FD7-F911-41D4-961D-CC2A543F9CF2}.Debug|ARM.Build.0 = Debug|Any CPU
		{DD660FD7-F911-41D4-961D-CC2A543F9CF2}.Debug|ARM64.ActiveCfg = Debug|Any CPU
		{DD660FD7-F911-41D4-961D-CC2A543F9CF2}.Debug|ARM64.Build.0 = Debug|Any CPU
		{DD660FD7-F911-41D4-961D-CC2A543F9CF2}.Debug|x64.ActiveCfg = Debug|Any CPU
		{DD660FD7-F911-41D4-961D-CC2A543F9CF2}.Debug|x64.Build.0 = Debug|Any CPU
		{DD660FD7-F911-41D4-961D-CC2A543F9CF2}.Debug|x86.ActiveCfg = Debug|Any CPU
		{DD660FD7-F911-41D4-961D-CC2A543F9CF2}.Debug|x86.Build.0 = Debug|Any CPU
		{DD660FD7-F911-41D4-961D-CC2A543F9CF2}.Release|Any CPU.ActiveCfg = Release|Any CPU
		{DD660FD7-F911-41D4-961D-CC2A543F9CF2}.Release|Any CPU.Build.0 = Release|Any CPU
		{DD660FD7-F911-41D4-961D-CC2A543F9CF2}.Release|ARM.ActiveCfg = Release|Any CPU
		{DD660FD7-F911-41D4-961D-CC2A543F9CF2}.Release|ARM.Build.0 = Release|Any CPU
		{DD660FD7-F911-41D4-961D-CC2A543F9CF2}.Release|ARM64.ActiveCfg = Release|Any CPU
		{DD660FD7-F911-41D4-961D-CC2A543F9CF2}.Release|ARM64.Build.0 = Release|Any CPU
		{DD660FD7-F911-41D4-961D-CC2A543F9CF2}.Release|x64.ActiveCfg = Release|Any CPU
		{DD660FD7-F911-41D4-961D-CC2A543F9CF2}.Release|x64.Build.0 = Release|Any CPU
		{DD660FD7-F911-41D4-961D-CC2A543F9CF2}.Release|x86.ActiveCfg = Release|Any CPU
		{DD660FD7-F911-41D4-961D-CC2A543F9CF2}.Release|x86.Build.0 = Release|Any CPU
		{75B82211-80A0-4D83-8945-EF1F35DF8BBD}.Debug|Any CPU.ActiveCfg = Debug|x86
		{75B82211-80A0-4D83-8945-EF1F35DF8BBD}.Debug|Any CPU.Build.0 = Debug|x86
		{75B82211-80A0-4D83-8945-EF1F35DF8BBD}.Debug|Any CPU.Deploy.0 = Debug|x86
		{75B82211-80A0-4D83-8945-EF1F35DF8BBD}.Debug|ARM.ActiveCfg = Debug|ARM
		{75B82211-80A0-4D83-8945-EF1F35DF8BBD}.Debug|ARM.Build.0 = Debug|ARM
		{75B82211-80A0-4D83-8945-EF1F35DF8BBD}.Debug|ARM.Deploy.0 = Debug|ARM
		{75B82211-80A0-4D83-8945-EF1F35DF8BBD}.Debug|ARM64.ActiveCfg = Debug|ARM64
		{75B82211-80A0-4D83-8945-EF1F35DF8BBD}.Debug|ARM64.Build.0 = Debug|ARM64
		{75B82211-80A0-4D83-8945-EF1F35DF8BBD}.Debug|ARM64.Deploy.0 = Debug|ARM64
		{75B82211-80A0-4D83-8945-EF1F35DF8BBD}.Debug|x64.ActiveCfg = Debug|x64
		{75B82211-80A0-4D83-8945-EF1F35DF8BBD}.Debug|x64.Build.0 = Debug|x64
		{75B82211-80A0-4D83-8945-EF1F35DF8BBD}.Debug|x64.Deploy.0 = Debug|x64
		{75B82211-80A0-4D83-8945-EF1F35DF8BBD}.Debug|x86.ActiveCfg = Debug|x86
		{75B82211-80A0-4D83-8945-EF1F35DF8BBD}.Debug|x86.Build.0 = Debug|x86
		{75B82211-80A0-4D83-8945-EF1F35DF8BBD}.Debug|x86.Deploy.0 = Debug|x86
		{75B82211-80A0-4D83-8945-EF1F35DF8BBD}.Release|Any CPU.ActiveCfg = Release|x86
		{75B82211-80A0-4D83-8945-EF1F35DF8BBD}.Release|ARM.ActiveCfg = Release|ARM
		{75B82211-80A0-4D83-8945-EF1F35DF8BBD}.Release|ARM.Build.0 = Release|ARM
		{75B82211-80A0-4D83-8945-EF1F35DF8BBD}.Release|ARM.Deploy.0 = Release|ARM
		{75B82211-80A0-4D83-8945-EF1F35DF8BBD}.Release|ARM64.ActiveCfg = Release|ARM64
		{75B82211-80A0-4D83-8945-EF1F35DF8BBD}.Release|ARM64.Build.0 = Release|ARM64
		{75B82211-80A0-4D83-8945-EF1F35DF8BBD}.Release|ARM64.Deploy.0 = Release|ARM64
		{75B82211-80A0-4D83-8945-EF1F35DF8BBD}.Release|x64.ActiveCfg = Release|x64
		{75B82211-80A0-4D83-8945-EF1F35DF8BBD}.Release|x64.Build.0 = Release|x64
		{75B82211-80A0-4D83-8945-EF1F35DF8BBD}.Release|x64.Deploy.0 = Release|x64
		{75B82211-80A0-4D83-8945-EF1F35DF8BBD}.Release|x86.ActiveCfg = Release|x86
		{75B82211-80A0-4D83-8945-EF1F35DF8BBD}.Release|x86.Build.0 = Release|x86
		{75B82211-80A0-4D83-8945-EF1F35DF8BBD}.Release|x86.Deploy.0 = Release|x86
	EndGlobalSection
	GlobalSection(SolutionProperties) = preSolution
		HideSolutionNode = FALSE
	EndGlobalSection
	GlobalSection(ExtensibilityGlobals) = postSolution
		SolutionGuid = {938ECA1E-9979-4163-A50B-2FCEC198645B}
	EndGlobalSection
EndGlobal
